
Microsoft Visual Studio Solution File, Format Version 12.00
# Visual Studio Version 17
VisualStudioVersion = 17.1.32210.238
MinimumVisualStudioVersion = 10.0.40219.1
Project("{FAE04EC0-301F-11D3-BF4B-00C04F79EFBC}") = "Scala.Dapper1.Wpf", "Scala.Dapper1.Wpf\Scala.Dapper1.Wpf.csproj", "{AF2C4CF7-6C2D-4635-82D0-5A5E495C6026}"
EndProject
Project("{FAE04EC0-301F-11D3-BF4B-00C04F79EFBC}") = "Scala.Dapper1.Core", "Scala.Dapper1.Core\Scala.Dapper1.Core.csproj", "{B4D868F2-5F57-48B9-AEA7-704CF309E14E}"
EndProject
Global
	GlobalSection(SolutionConfigurationPlatforms) = preSolution
		Debug|Any CPU = Debug|Any CPU
		Release|Any CPU = Release|Any CPU
	EndGlobalSection
	GlobalSection(ProjectConfigurationPlatforms) = postSolution
		{AF2C4CF7-6C2D-4635-82D0-5A5E495C6026}.Debug|Any CPU.ActiveCfg = Debug|Any CPU
		{AF2C4CF7-6C2D-4635-82D0-5A5E495C6026}.Debug|Any CPU.Build.0 = Debug|Any CPU
		{AF2C4CF7-6C2D-4635-82D0-5A5E495C6026}.Release|Any CPU.ActiveCfg = Release|Any CPU
		{AF2C4CF7-6C2D-4635-82D0-5A5E495C6026}.Release|Any CPU.Build.0 = Release|Any CPU
		{B4D868F2-5F57-48B9-AEA7-704CF309E14E}.Debug|Any CPU.ActiveCfg = Debug|Any CPU
		{B4D868F2-5F57-48B9-AEA7-704CF309E14E}.Debug|Any CPU.Build.0 = Debug|Any CPU
		{B4D868F2-5F57-48B9-AEA7-704CF309E14E}.Release|Any CPU.ActiveCfg = Release|Any CPU
		{B4D868F2-5F57-48B9-AEA7-704CF309E14E}.Release|Any CPU.Build.0 = Release|Any CPU
	EndGlobalSection
	GlobalSection(SolutionProperties) = preSolution
		HideSolutionNode = FALSE
	EndGlobalSection
	GlobalSection(ExtensibilityGlobals) = postSolution
		SolutionGuid = {3C83B6D4-1B35-47FA-A93F-53AF3EEA1914}
	EndGlobalSection
EndGlobal
